
Microsoft Visual Studio Solution File, Format Version 12.00
# Visual Studio Version 17
VisualStudioVersion = 17.14.36414.22 d17.14
MinimumVisualStudioVersion = 10.0.40219.1
Project("{FAE04EC0-301F-11D3-BF4B-00C04F79EFBC}") = "SkrøblighedsPakkeLib", "SkrøblighedsPakkeLib\SkrøblighedsPakkeLib.csproj", "{89A14CD0-5ECB-42E0-B147-FD23834DF074}"
EndProject
Project("{FAE04EC0-301F-11D3-BF4B-00C04F79EFBC}") = "SkrøblighedsPakkeLibTests", "SkrøblighedsPakkeLibTests\SkrøblighedsPakkeLibTests.csproj", "{0DE07188-CDEF-4640-996C-B262BEF34837}"
EndProject
Global
	GlobalSection(SolutionConfigurationPlatforms) = preSolution
		Debug|Any CPU = Debug|Any CPU
		Release|Any CPU = Release|Any CPU
	EndGlobalSection
	GlobalSection(ProjectConfigurationPlatforms) = postSolution
		{89A14CD0-5ECB-42E0-B147-FD23834DF074}.Debug|Any CPU.ActiveCfg = Debug|Any CPU
		{89A14CD0-5ECB-42E0-B147-FD23834DF074}.Debug|Any CPU.Build.0 = Debug|Any CPU
		{89A14CD0-5ECB-42E0-B147-FD23834DF074}.Release|Any CPU.ActiveCfg = Release|Any CPU
		{89A14CD0-5ECB-42E0-B147-FD23834DF074}.Release|Any CPU.Build.0 = Release|Any CPU
		{0DE07188-CDEF-4640-996C-B262BEF34837}.Debug|Any CPU.ActiveCfg = Debug|Any CPU
		{0DE07188-CDEF-4640-996C-B262BEF34837}.Debug|Any CPU.Build.0 = Debug|Any CPU
		{0DE07188-CDEF-4640-996C-B262BEF34837}.Release|Any CPU.ActiveCfg = Release|Any CPU
		{0DE07188-CDEF-4640-996C-B262BEF34837}.Release|Any CPU.Build.0 = Release|Any CPU
	EndGlobalSection
	GlobalSection(SolutionProperties) = preSolution
		HideSolutionNode = FALSE
	EndGlobalSection
	GlobalSection(ExtensibilityGlobals) = postSolution
		SolutionGuid = {7D3B45BA-5013-4D9A-B3E0-CE02DE9DA5A7}
	EndGlobalSection
EndGlobal
